
Microsoft Visual Studio Solution File, Format Version 12.00
Project("{FAE04EC0-301F-11D3-BF4B-00C04F79EFBC}") = "Pl0", "Pl0\Pl0.csproj", "{BC594B13-F55B-46DB-8C9A-FB87C20CC28F}"
EndProject
Global
	GlobalSection(SolutionConfigurationPlatforms) = preSolution
		Debug|Any CPU = Debug|Any CPU
		Release|Any CPU = Release|Any CPU
	EndGlobalSection
	GlobalSection(ProjectConfigurationPlatforms) = postSolution
		{BC594B13-F55B-46DB-8C9A-FB87C20CC28F}.Debug|Any CPU.ActiveCfg = Debug|Any CPU
		{BC594B13-F55B-46DB-8C9A-FB87C20CC28F}.Debug|Any CPU.Build.0 = Debug|Any CPU
		{BC594B13-F55B-46DB-8C9A-FB87C20CC28F}.Release|Any CPU.ActiveCfg = Release|Any CPU
		{BC594B13-F55B-46DB-8C9A-FB87C20CC28F}.Release|Any CPU.Build.0 = Release|Any CPU
	EndGlobalSection
EndGlobal
